
Microsoft Visual Studio Solution File, Format Version 12.00
# Visual Studio Version 16
VisualStudioVersion = 16.0.31515.178
MinimumVisualStudioVersion = 10.0.40219.1
Project("{2150E333-8FDC-42A3-9474-1A3956D46DE8}") = "1.Api", "1.Api", "{3F72C9A1-39ED-49D3-9EF2-B7713266EB94}"
EndProject
Project("{2150E333-8FDC-42A3-9474-1A3956D46DE8}") = "2.Core", "2.Core", "{8ACCA2BD-7C3A-4CCA-85BE-F26608EF36B1}"
EndProject
Project("{2150E333-8FDC-42A3-9474-1A3956D46DE8}") = "3.Business", "3.Business", "{DD4BF1FA-7B9A-4086-B285-72A829494175}"
EndProject
Project("{2150E333-8FDC-42A3-9474-1A3956D46DE8}") = "4.Infraestructure", "4.Infraestructure", "{39568D96-5A2D-4478-AAAA-C6DE306DE6CF}"
EndProject
Project("{2150E333-8FDC-42A3-9474-1A3956D46DE8}") = "5.Entities", "5.Entities", "{BA3C62FD-56E2-4F31-9C9E-9F9142806122}"
EndProject
Project("{9A19103F-16F7-4668-BE54-9A1E7A4F7556}") = "Entities.Dto", "Entities.Dto\Entities.Dto.csproj", "{6C06DB75-9DE9-444F-B068-CC5CB70A0FA0}"
EndProject
Project("{9A19103F-16F7-4668-BE54-9A1E7A4F7556}") = "Core.Entities", "Core.Entities\Core.Entities.csproj", "{5376D4DA-55EF-4574-974F-4C551F5225D2}"
EndProject
Project("{9A19103F-16F7-4668-BE54-9A1E7A4F7556}") = "WalletApi", "WalletApi\WalletApi.csproj", "{E1FFDFC9-67D1-4451-B3E5-E41FA32911FD}"
EndProject
Project("{9A19103F-16F7-4668-BE54-9A1E7A4F7556}") = "Infra.DataAccess", "Infra.DataAccess\Infra.DataAccess.csproj", "{829A4F46-C471-4DB8-8B62-30FA78E86118}"
EndProject
Project("{9A19103F-16F7-4668-BE54-9A1E7A4F7556}") = "Infra.SMTP", "Infra.SMTP\Infra.SMTP.csproj", "{19BB390D-DB9B-484D-894F-8E0857BB79A4}"
EndProject
Project("{9A19103F-16F7-4668-BE54-9A1E7A4F7556}") = "Infra.ExternalServices", "Infra.ExternalServices\Infra.ExternalServices.csproj", "{0D9F94DC-2CAE-4F68-A74A-1C74DE018E7E}"
EndProject
Project("{9A19103F-16F7-4668-BE54-9A1E7A4F7556}") = "Core.DataServices", "Core.DataServices\Core.DataServices.csproj", "{F0C0489D-1380-42A8-9D6C-C1D7FEB53DE3}"
EndProject
Project("{9A19103F-16F7-4668-BE54-9A1E7A4F7556}") = "Core.Repository", "Core.Repository\Core.Repository.csproj", "{2AE7C23A-C40F-43A3-A295-BC7DA530BD43}"
EndProject
Project("{9A19103F-16F7-4668-BE54-9A1E7A4F7556}") = "Business.DataServices", "Business.DataServices\Business.DataServices.csproj", "{9101D56F-0E30-4E7F-BFE4-78876B060A36}"
EndProject
Project("{9A19103F-16F7-4668-BE54-9A1E7A4F7556}") = "Business.Validations", "Business.Validations\Business.Validations.csproj", "{551282EA-C1B0-44FB-BF6B-402C2517A0C4}"
EndProject
Project("{9A19103F-16F7-4668-BE54-9A1E7A4F7556}") = "Business.EncryptServices", "Business.EncryptServices\Business.EncryptServices.csproj", "{FF5A7B9A-702C-4898-900C-065E4E0682EE}"
EndProject
Project("{9A19103F-16F7-4668-BE54-9A1E7A4F7556}") = "Entities.DbModels", "Entities.DbModels\Entities.DbModels.csproj", "{CEE95200-5049-4F97-A7AB-788403F34A6E}"
EndProject
Project("{9A19103F-16F7-4668-BE54-9A1E7A4F7556}") = "Business.LogServices", "Business.LogServices\Business.LogServices.csproj", "{FA0B1794-B433-462C-8C81-FA6DCB0FFF10}"
EndProject
Project("{9A19103F-16F7-4668-BE54-9A1E7A4F7556}") = "Business.GenerateEntityServices", "Business.GenerateEntityServices\Business.GenerateEntityServices.csproj", "{A9A1826F-8F98-497D-93D4-85256A178638}"
EndProject
Global
	GlobalSection(SolutionConfigurationPlatforms) = preSolution
		Debug|Any CPU = Debug|Any CPU
		Release|Any CPU = Release|Any CPU
	EndGlobalSection
	GlobalSection(ProjectConfigurationPlatforms) = postSolution
		{6C06DB75-9DE9-444F-B068-CC5CB70A0FA0}.Debug|Any CPU.ActiveCfg = Debug|Any CPU
		{6C06DB75-9DE9-444F-B068-CC5CB70A0FA0}.Debug|Any CPU.Build.0 = Debug|Any CPU
		{6C06DB75-9DE9-444F-B068-CC5CB70A0FA0}.Release|Any CPU.ActiveCfg = Release|Any CPU
		{6C06DB75-9DE9-444F-B068-CC5CB70A0FA0}.Release|Any CPU.Build.0 = Release|Any CPU
		{5376D4DA-55EF-4574-974F-4C551F5225D2}.Debug|Any CPU.ActiveCfg = Debug|Any CPU
		{5376D4DA-55EF-4574-974F-4C551F5225D2}.Debug|Any CPU.Build.0 = Debug|Any CPU
		{5376D4DA-55EF-4574-974F-4C551F5225D2}.Release|Any CPU.ActiveCfg = Release|Any CPU
		{5376D4DA-55EF-4574-974F-4C551F5225D2}.Release|Any CPU.Build.0 = Release|Any CPU
		{E1FFDFC9-67D1-4451-B3E5-E41FA32911FD}.Debug|Any CPU.ActiveCfg = Debug|Any CPU
		{E1FFDFC9-67D1-4451-B3E5-E41FA32911FD}.Debug|Any CPU.Build.0 = Debug|Any CPU
		{E1FFDFC9-67D1-4451-B3E5-E41FA32911FD}.Release|Any CPU.ActiveCfg = Release|Any CPU
		{E1FFDFC9-67D1-4451-B3E5-E41FA32911FD}.Release|Any CPU.Build.0 = Release|Any CPU
		{829A4F46-C471-4DB8-8B62-30FA78E86118}.Debug|Any CPU.ActiveCfg = Debug|Any CPU
		{829A4F46-C471-4DB8-8B62-30FA78E86118}.Debug|Any CPU.Build.0 = Debug|Any CPU
		{829A4F46-C471-4DB8-8B62-30FA78E86118}.Release|Any CPU.ActiveCfg = Release|Any CPU
		{829A4F46-C471-4DB8-8B62-30FA78E86118}.Release|Any CPU.Build.0 = Release|Any CPU
		{19BB390D-DB9B-484D-894F-8E0857BB79A4}.Debug|Any CPU.ActiveCfg = Debug|Any CPU
		{19BB390D-DB9B-484D-894F-8E0857BB79A4}.Debug|Any CPU.Build.0 = Debug|Any CPU
		{19BB390D-DB9B-484D-894F-8E0857BB79A4}.Release|Any CPU.ActiveCfg = Release|Any CPU
		{19BB390D-DB9B-484D-894F-8E0857BB79A4}.Release|Any CPU.Build.0 = Release|Any CPU
		{0D9F94DC-2CAE-4F68-A74A-1C74DE018E7E}.Debug|Any CPU.ActiveCfg = Debug|Any CPU
		{0D9F94DC-2CAE-4F68-A74A-1C74DE018E7E}.Debug|Any CPU.Build.0 = Debug|Any CPU
		{0D9F94DC-2CAE-4F68-A74A-1C74DE018E7E}.Release|Any CPU.ActiveCfg = Release|Any CPU
		{0D9F94DC-2CAE-4F68-A74A-1C74DE018E7E}.Release|Any CPU.Build.0 = Release|Any CPU
		{F0C0489D-1380-42A8-9D6C-C1D7FEB53DE3}.Debug|Any CPU.ActiveCfg = Debug|Any CPU
		{F0C0489D-1380-42A8-9D6C-C1D7FEB53DE3}.Debug|Any CPU.Build.0 = Debug|Any CPU
		{F0C0489D-1380-42A8-9D6C-C1D7FEB53DE3}.Release|Any CPU.ActiveCfg = Release|Any CPU
		{F0C0489D-1380-42A8-9D6C-C1D7FEB53DE3}.Release|Any CPU.Build.0 = Release|Any CPU
		{2AE7C23A-C40F-43A3-A295-BC7DA530BD43}.Debug|Any CPU.ActiveCfg = Debug|Any CPU
		{2AE7C23A-C40F-43A3-A295-BC7DA530BD43}.Debug|Any CPU.Build.0 = Debug|Any CPU
		{2AE7C23A-C40F-43A3-A295-BC7DA530BD43}.Release|Any CPU.ActiveCfg = Release|Any CPU
		{2AE7C23A-C40F-43A3-A295-BC7DA530BD43}.Release|Any CPU.Build.0 = Release|Any CPU
		{9101D56F-0E30-4E7F-BFE4-78876B060A36}.Debug|Any CPU.ActiveCfg = Debug|Any CPU
		{9101D56F-0E30-4E7F-BFE4-78876B060A36}.Debug|Any CPU.Build.0 = Debug|Any CPU
		{9101D56F-0E30-4E7F-BFE4-78876B060A36}.Release|Any CPU.ActiveCfg = Release|Any CPU
		{9101D56F-0E30-4E7F-BFE4-78876B060A36}.Release|Any CPU.Build.0 = Release|Any CPU
		{551282EA-C1B0-44FB-BF6B-402C2517A0C4}.Debug|Any CPU.ActiveCfg = Debug|Any CPU
		{551282EA-C1B0-44FB-BF6B-402C2517A0C4}.Debug|Any CPU.Build.0 = Debug|Any CPU
		{551282EA-C1B0-44FB-BF6B-402C2517A0C4}.Release|Any CPU.ActiveCfg = Release|Any CPU
		{551282EA-C1B0-44FB-BF6B-402C2517A0C4}.Release|Any CPU.Build.0 = Release|Any CPU
		{FF5A7B9A-702C-4898-900C-065E4E0682EE}.Debug|Any CPU.ActiveCfg = Debug|Any CPU
		{FF5A7B9A-702C-4898-900C-065E4E0682EE}.Debug|Any CPU.Build.0 = Debug|Any CPU
		{FF5A7B9A-702C-4898-900C-065E4E0682EE}.Release|Any CPU.ActiveCfg = Release|Any CPU
		{FF5A7B9A-702C-4898-900C-065E4E0682EE}.Release|Any CPU.Build.0 = Release|Any CPU
		{CEE95200-5049-4F97-A7AB-788403F34A6E}.Debug|Any CPU.ActiveCfg = Debug|Any CPU
		{CEE95200-5049-4F97-A7AB-788403F34A6E}.Debug|Any CPU.Build.0 = Debug|Any CPU
		{CEE95200-5049-4F97-A7AB-788403F34A6E}.Release|Any CPU.ActiveCfg = Release|Any CPU
		{CEE95200-5049-4F97-A7AB-788403F34A6E}.Release|Any CPU.Build.0 = Release|Any CPU
		{FA0B1794-B433-462C-8C81-FA6DCB0FFF10}.Debug|Any CPU.ActiveCfg = Debug|Any CPU
		{FA0B1794-B433-462C-8C81-FA6DCB0FFF10}.Debug|Any CPU.Build.0 = Debug|Any CPU
		{FA0B1794-B433-462C-8C81-FA6DCB0FFF10}.Release|Any CPU.ActiveCfg = Release|Any CPU
		{FA0B1794-B433-462C-8C81-FA6DCB0FFF10}.Release|Any CPU.Build.0 = Release|Any CPU
		{A9A1826F-8F98-497D-93D4-85256A178638}.Debug|Any CPU.ActiveCfg = Debug|Any CPU
		{A9A1826F-8F98-497D-93D4-85256A178638}.Debug|Any CPU.Build.0 = Debug|Any CPU
		{A9A1826F-8F98-497D-93D4-85256A178638}.Release|Any CPU.ActiveCfg = Release|Any CPU
		{A9A1826F-8F98-497D-93D4-85256A178638}.Release|Any CPU.Build.0 = Release|Any CPU
	EndGlobalSection
	GlobalSection(SolutionProperties) = preSolution
		HideSolutionNode = FALSE
	EndGlobalSection
	GlobalSection(NestedProjects) = preSolution
		{6C06DB75-9DE9-444F-B068-CC5CB70A0FA0} = {BA3C62FD-56E2-4F31-9C9E-9F9142806122}
		{5376D4DA-55EF-4574-974F-4C551F5225D2} = {8ACCA2BD-7C3A-4CCA-85BE-F26608EF36B1}
		{E1FFDFC9-67D1-4451-B3E5-E41FA32911FD} = {3F72C9A1-39ED-49D3-9EF2-B7713266EB94}
		{829A4F46-C471-4DB8-8B62-30FA78E86118} = {39568D96-5A2D-4478-AAAA-C6DE306DE6CF}
		{19BB390D-DB9B-484D-894F-8E0857BB79A4} = {39568D96-5A2D-4478-AAAA-C6DE306DE6CF}
		{0D9F94DC-2CAE-4F68-A74A-1C74DE018E7E} = {39568D96-5A2D-4478-AAAA-C6DE306DE6CF}
		{F0C0489D-1380-42A8-9D6C-C1D7FEB53DE3} = {8ACCA2BD-7C3A-4CCA-85BE-F26608EF36B1}
		{2AE7C23A-C40F-43A3-A295-BC7DA530BD43} = {8ACCA2BD-7C3A-4CCA-85BE-F26608EF36B1}
		{9101D56F-0E30-4E7F-BFE4-78876B060A36} = {DD4BF1FA-7B9A-4086-B285-72A829494175}
		{551282EA-C1B0-44FB-BF6B-402C2517A0C4} = {DD4BF1FA-7B9A-4086-B285-72A829494175}
		{FF5A7B9A-702C-4898-900C-065E4E0682EE} = {DD4BF1FA-7B9A-4086-B285-72A829494175}
		{CEE95200-5049-4F97-A7AB-788403F34A6E} = {BA3C62FD-56E2-4F31-9C9E-9F9142806122}
		{FA0B1794-B433-462C-8C81-FA6DCB0FFF10} = {DD4BF1FA-7B9A-4086-B285-72A829494175}
		{A9A1826F-8F98-497D-93D4-85256A178638} = {DD4BF1FA-7B9A-4086-B285-72A829494175}
	EndGlobalSection
	GlobalSection(ExtensibilityGlobals) = postSolution
		SolutionGuid = {287E2D27-EDE9-439E-A561-2BBB17F172A7}
	EndGlobalSection
EndGlobal
